
Microsoft Visual Studio Solution File, Format Version 12.00
# Visual Studio Version 17
VisualStudioVersion = 17.14.36616.10 d17.14
MinimumVisualStudioVersion = 10.0.40219.1
Project("{FAE04EC0-301F-11D3-BF4B-00C04F79EFBC}") = "TicketsPED", "TicketsPED.csproj", "{B3B63AE6-5810-41BB-8CCE-6AF16C7A8400}"
EndProject
Global
	GlobalSection(SolutionConfigurationPlatforms) = preSolution
		Debug|Any CPU = Debug|Any CPU
		Release|Any CPU = Release|Any CPU
	EndGlobalSection
	GlobalSection(ProjectConfigurationPlatforms) = postSolution
		{B3B63AE6-5810-41BB-8CCE-6AF16C7A8400}.Debug|Any CPU.ActiveCfg = Debug|Any CPU
		{B3B63AE6-5810-41BB-8CCE-6AF16C7A8400}.Debug|Any CPU.Build.0 = Debug|Any CPU
		{B3B63AE6-5810-41BB-8CCE-6AF16C7A8400}.Release|Any CPU.ActiveCfg = Release|Any CPU
		{B3B63AE6-5810-41BB-8CCE-6AF16C7A8400}.Release|Any CPU.Build.0 = Release|Any CPU
	EndGlobalSection
	GlobalSection(SolutionProperties) = preSolution
		HideSolutionNode = FALSE
	EndGlobalSection
	GlobalSection(ExtensibilityGlobals) = postSolution
		SolutionGuid = {1C54BDC1-FEA5-4B91-9607-A14928BF8A46}
	EndGlobalSection
EndGlobal
